
Microsoft Visual Studio Solution File, Format Version 12.00
Project("{FAE04EC0-301F-11D3-BF4B-00C04F79EFBC}") = "004 - Consolas and Telim", "004 - Consolas and Telim\004 - Consolas and Telim.csproj", "{662466AF-D35F-4D97-9485-195EA1C749DE}"
EndProject
Global
	GlobalSection(SolutionConfigurationPlatforms) = preSolution
		Debug|Any CPU = Debug|Any CPU
		Release|Any CPU = Release|Any CPU
	EndGlobalSection
	GlobalSection(ProjectConfigurationPlatforms) = postSolution
		{662466AF-D35F-4D97-9485-195EA1C749DE}.Debug|Any CPU.ActiveCfg = Debug|Any CPU
		{662466AF-D35F-4D97-9485-195EA1C749DE}.Debug|Any CPU.Build.0 = Debug|Any CPU
		{662466AF-D35F-4D97-9485-195EA1C749DE}.Release|Any CPU.ActiveCfg = Release|Any CPU
		{662466AF-D35F-4D97-9485-195EA1C749DE}.Release|Any CPU.Build.0 = Release|Any CPU
	EndGlobalSection
EndGlobal
