
Microsoft Visual Studio Solution File, Format Version 12.00
# Visual Studio Version 17
VisualStudioVersion = 17.10.35027.167
MinimumVisualStudioVersion = 10.0.40219.1
Project("{FAE04EC0-301F-11D3-BF4B-00C04F79EFBC}") = "03 - The Makings of a Programmer", "03 - The Makings of a Programmer.csproj", "{EBF25542-330C-4841-A766-DDB23A3CAC57}"
EndProject
Global
	GlobalSection(SolutionConfigurationPlatforms) = preSolution
		Debug|Any CPU = Debug|Any CPU
		Release|Any CPU = Release|Any CPU
	EndGlobalSection
	GlobalSection(ProjectConfigurationPlatforms) = postSolution
		{EBF25542-330C-4841-A766-DDB23A3CAC57}.Debug|Any CPU.ActiveCfg = Debug|Any CPU
		{EBF25542-330C-4841-A766-DDB23A3CAC57}.Debug|Any CPU.Build.0 = Debug|Any CPU
		{EBF25542-330C-4841-A766-DDB23A3CAC57}.Release|Any CPU.ActiveCfg = Release|Any CPU
		{EBF25542-330C-4841-A766-DDB23A3CAC57}.Release|Any CPU.Build.0 = Release|Any CPU
	EndGlobalSection
	GlobalSection(SolutionProperties) = preSolution
		HideSolutionNode = FALSE
	EndGlobalSection
	GlobalSection(ExtensibilityGlobals) = postSolution
		SolutionGuid = {027FCD60-DD60-4882-80E7-31EF299BBD85}
	EndGlobalSection
EndGlobal
